
Microsoft Visual Studio Solution File, Format Version 12.00
# Visual Studio Version 16
VisualStudioVersion = 16.0.30330.147
MinimumVisualStudioVersion = 10.0.40219.1
Project("{9A19103F-16F7-4668-BE54-9A1E7A4F7556}") = "CODSquadConsole", "CODSquadConsole\CODSquadConsole.csproj", "{3C4D56C2-D661-4491-BCC5-E044EECEA23F}"
EndProject
Global
	GlobalSection(SolutionConfigurationPlatforms) = preSolution
		Debug|Any CPU = Debug|Any CPU
		Release|Any CPU = Release|Any CPU
	EndGlobalSection
	GlobalSection(ProjectConfigurationPlatforms) = postSolution
		{3C4D56C2-D661-4491-BCC5-E044EECEA23F}.Debug|Any CPU.ActiveCfg = Debug|Any CPU
		{3C4D56C2-D661-4491-BCC5-E044EECEA23F}.Debug|Any CPU.Build.0 = Debug|Any CPU
		{3C4D56C2-D661-4491-BCC5-E044EECEA23F}.Release|Any CPU.ActiveCfg = Release|Any CPU
		{3C4D56C2-D661-4491-BCC5-E044EECEA23F}.Release|Any CPU.Build.0 = Release|Any CPU
	EndGlobalSection
	GlobalSection(SolutionProperties) = preSolution
		HideSolutionNode = FALSE
	EndGlobalSection
	GlobalSection(ExtensibilityGlobals) = postSolution
		SolutionGuid = {A8D184F0-E189-4A33-B8BF-C09F61933688}
	EndGlobalSection
EndGlobal
